
Microsoft Visual Studio Solution File, Format Version 12.00
# Visual Studio Version 17
VisualStudioVersion = 17.4.33213.308
MinimumVisualStudioVersion = 10.0.40219.1
Project("{FAE04EC0-301F-11D3-BF4B-00C04F79EFBC}") = "Class Task 3", "Class Task 3\Class Task 3.csproj", "{49648EE5-5F96-4BA2-B163-66A8DC85B3EB}"
EndProject
Global
	GlobalSection(SolutionConfigurationPlatforms) = preSolution
		Debug|Any CPU = Debug|Any CPU
		Release|Any CPU = Release|Any CPU
	EndGlobalSection
	GlobalSection(ProjectConfigurationPlatforms) = postSolution
		{49648EE5-5F96-4BA2-B163-66A8DC85B3EB}.Debug|Any CPU.ActiveCfg = Debug|Any CPU
		{49648EE5-5F96-4BA2-B163-66A8DC85B3EB}.Debug|Any CPU.Build.0 = Debug|Any CPU
		{49648EE5-5F96-4BA2-B163-66A8DC85B3EB}.Release|Any CPU.ActiveCfg = Release|Any CPU
		{49648EE5-5F96-4BA2-B163-66A8DC85B3EB}.Release|Any CPU.Build.0 = Release|Any CPU
	EndGlobalSection
	GlobalSection(SolutionProperties) = preSolution
		HideSolutionNode = FALSE
	EndGlobalSection
	GlobalSection(ExtensibilityGlobals) = postSolution
		SolutionGuid = {B79D6DFA-D747-4599-86BB-30E97934C285}
	EndGlobalSection
EndGlobal
